{
  "name": "pileometer",
  "version": "1.0.0",
  "lockfileVersion": 3,
  "requires": true,
  "packages": {
    "": {
      "name": "pileometer",
      "version": "1.0.0",
      "license": "ISC",
      "dependencies": {
        "@revenuecat/purchases-js": "^1.5.3"
      }
    },
    "node_modules/@revenuecat/purchases-js": {
      "version": "1.5.3",
      "resolved": "https://registry.npmjs.org/@revenuecat/purchases-js/-/purchases-js-1.5.3.tgz",
      "integrity": "sha512-z8r9bx0lB1L9FTSH54/aEBCVIXN0DoPPMFdDK2jv9sQA7SzC6CDGnOPsK91VfLKi2jMIhaBs17CpRhZ1gbr/fA==",
      "license": "MIT"
    }
  }
}
